
Microsoft Visual Studio Solution File, Format Version 12.00
# Visual Studio 15
VisualStudioVersion = 15.0.26730.15
MinimumVisualStudioVersion = 10.0.40219.1
Project("{FAE04EC0-301F-11D3-BF4B-00C04F79EFBC}") = "RVMScreen", "RVMScreen\RVMScreen.csproj", "{2EC53F42-95FE-47D4-98B7-E42807C76739}"
EndProject
Global
	GlobalSection(SolutionConfigurationPlatforms) = preSolution
		Debug|Any CPU = Debug|Any CPU
		Release|Any CPU = Release|Any CPU
	EndGlobalSection
	GlobalSection(ProjectConfigurationPlatforms) = postSolution
		{2EC53F42-95FE-47D4-98B7-E42807C76739}.Debug|Any CPU.ActiveCfg = Debug|Any CPU
		{2EC53F42-95FE-47D4-98B7-E42807C76739}.Debug|Any CPU.Build.0 = Debug|Any CPU
		{2EC53F42-95FE-47D4-98B7-E42807C76739}.Release|Any CPU.ActiveCfg = Release|Any CPU
		{2EC53F42-95FE-47D4-98B7-E42807C76739}.Release|Any CPU.Build.0 = Release|Any CPU
	EndGlobalSection
	GlobalSection(SolutionProperties) = preSolution
		HideSolutionNode = FALSE
	EndGlobalSection
	GlobalSection(ExtensibilityGlobals) = postSolution
		SolutionGuid = {3E869F11-40DE-4979-B844-5BDA6F91C08C}
	EndGlobalSection
EndGlobal
